{
  "version": 4,
  "terraform_version": "0.12.13",
  "serial": 9,
  "lineage": "78393f9b-7514-e724-979b-2744e741b0ef",
  "outputs": {
    "instance_id": {
      "value": "list-1, list-2, list-3",
      "type": "string"
    },
    "machine_type": {
      "value": [
        "n1-standard-1",
        "n1-standard-1",
        "n1-standard-1"
      ],
      "type": [
        "tuple",
        [
          "string",
          "string",
          "string"
        ]
      ]
    },
    "name": {
      "value": [
        "list-1",
        "list-2",
        "list-3"
      ],
      "type": [
        "tuple",
        [
          "string",
          "string",
          "string"
        ]
      ]
    },
    "zone": {
      "value": [
        "europe-west4-a",
        "europe-west4-a",
        "europe-west4-a"
      ],
      "type": [
        "tuple",
        [
          "string",
          "string",
          "string"
        ]
      ]
    }
  },
  "resources": [
    {
      "mode": "managed",
      "type": "google_compute_attached_disk",
      "name": "default",
      "provider": "provider.google",
      "instances": [
        {
          "schema_version": 0,
          "attributes": {
            "device_name": "persistent-disk-1",
            "disk": "projects/terrible-258516/zones/europe-west4-a/disks/test-desk",
            "id": "list-1:test-desk",
            "instance": "projects/terrible-258516/zones/europe-west4-a/instances/list-1",
            "mode": "READ_WRITE",
            "project": "terrible-258516",
            "timeouts": null,
            "zone": "europe-west4-a"
          },
          "private": "eyJlMmJmYjczMC1lY2FhLTExZTYtOGY4OC0zNDM2M2JjN2M0YzAiOnsiY3JlYXRlIjozMDAwMDAwMDAwMDAsImRlbGV0ZSI6MzAwMDAwMDAwMDAwfX0=",
          "depends_on": [
            "google_compute_disk.default",
            "google_compute_instance.default[0]"
          ]
        }
      ]
    },
    {
      "mode": "managed",
      "type": "google_compute_disk",
      "name": "default",
      "provider": "provider.google",
      "instances": [
        {
          "schema_version": 0,
          "attributes": {
            "creation_timestamp": "2019-11-12T06:36:20.277-08:00",
            "description": "",
            "disk_encryption_key": [],
            "disk_encryption_key_raw": null,
            "disk_encryption_key_sha256": null,
            "id": "test-desk",
            "image": "",
            "label_fingerprint": "42WmSpB8rSM=",
            "labels": null,
            "last_attach_timestamp": "",
            "last_detach_timestamp": "",
            "name": "test-desk",
            "physical_block_size_bytes": 4096,
            "project": "terrible-258516",
            "self_link": "https://www.googleapis.com/compute/v1/projects/terrible-258516/zones/europe-west4-a/disks/test-desk",
            "size": 10,
            "snapshot": "",
            "source_image_encryption_key": [],
            "source_image_id": "",
            "source_snapshot_encryption_key": [],
            "source_snapshot_id": "",
            "timeouts": null,
            "type": "pd-ssd",
            "users": [],
            "zone": "europe-west4-a"
          },
          "private": "eyJlMmJmYjczMC1lY2FhLTExZTYtOGY4OC0zNDM2M2JjN2M0YzAiOnsiY3JlYXRlIjozMDAwMDAwMDAwMDAsImRlbGV0ZSI6MjQwMDAwMDAwMDAwLCJ1cGRhdGUiOjI0MDAwMDAwMDAwMH19"
        }
      ]
    },
    {
      "mode": "managed",
      "type": "google_compute_firewall",
      "name": "allow_http",
      "provider": "provider.google",
      "instances": [
        {
          "schema_version": 1,
          "attributes": {
            "allow": [
              {
                "ports": [
                  "80"
                ],
                "protocol": "tcp"
              }
            ],
            "creation_timestamp": "2019-11-12T06:36:20.454-08:00",
            "deny": [],
            "description": "",
            "destination_ranges": [],
            "direction": "INGRESS",
            "disabled": false,
            "id": "allow-http",
            "name": "allow-http",
            "network": "https://www.googleapis.com/compute/v1/projects/terrible-258516/global/networks/default",
            "priority": 1000,
            "project": "terrible-258516",
            "self_link": "https://www.googleapis.com/compute/v1/projects/terrible-258516/global/firewalls/allow-http",
            "source_ranges": [
              "0.0.0.0/0"
            ],
            "source_service_accounts": null,
            "source_tags": null,
            "target_service_accounts": null,
            "target_tags": [
              "allow-http"
            ],
            "timeouts": null
          },
          "private": "eyJlMmJmYjczMC1lY2FhLTExZTYtOGY4OC0zNDM2M2JjN2M0YzAiOnsiY3JlYXRlIjoyNDAwMDAwMDAwMDAsImRlbGV0ZSI6MjQwMDAwMDAwMDAwLCJ1cGRhdGUiOjI0MDAwMDAwMDAwMH0sInNjaGVtYV92ZXJzaW9uIjoiMSJ9"
        }
      ]
    },
    {
      "mode": "managed",
      "type": "google_compute_firewall",
      "name": "allow_https",
      "provider": "provider.google",
      "instances": [
        {
          "schema_version": 1,
          "attributes": {
            "allow": [
              {
                "ports": [
                  "443"
                ],
                "protocol": "tcp"
              }
            ],
            "creation_timestamp": "2019-11-12T06:36:20.394-08:00",
            "deny": [],
            "description": "",
            "destination_ranges": [],
            "direction": "INGRESS",
            "disabled": false,
            "id": "allow-https",
            "name": "allow-https",
            "network": "https://www.googleapis.com/compute/v1/projects/terrible-258516/global/networks/default",
            "priority": 1000,
            "project": "terrible-258516",
            "self_link": "https://www.googleapis.com/compute/v1/projects/terrible-258516/global/firewalls/allow-https",
            "source_ranges": [
              "0.0.0.0/0"
            ],
            "source_service_accounts": null,
            "source_tags": null,
            "target_service_accounts": null,
            "target_tags": [
              "allow-https"
            ],
            "timeouts": null
          },
          "private": "eyJlMmJmYjczMC1lY2FhLTExZTYtOGY4OC0zNDM2M2JjN2M0YzAiOnsiY3JlYXRlIjoyNDAwMDAwMDAwMDAsImRlbGV0ZSI6MjQwMDAwMDAwMDAwLCJ1cGRhdGUiOjI0MDAwMDAwMDAwMH0sInNjaGVtYV92ZXJzaW9uIjoiMSJ9"
        }
      ]
    },
    {
      "mode": "managed",
      "type": "google_compute_instance",
      "name": "default",
      "each": "list",
      "provider": "provider.google",
      "instances": [
        {
          "index_key": 0,
          "schema_version": 6,
          "attributes": {
            "allow_stopping_for_update": null,
            "attached_disk": [],
            "boot_disk": [
              {
                "auto_delete": true,
                "device_name": "persistent-disk-0",
                "disk_encryption_key_raw": "",
                "disk_encryption_key_sha256": "",
                "initialize_params": [
                  {
                    "image": "https://www.googleapis.com/compute/v1/projects/ubuntu-os-cloud/global/images/ubuntu-1604-xenial-v20191024",
                    "labels": {},
                    "size": 10,
                    "type": "pd-standard"
                  }
                ],
                "kms_key_self_link": "",
                "mode": "READ_WRITE",
                "source": "https://www.googleapis.com/compute/v1/projects/terrible-258516/zones/europe-west4-a/disks/list-1"
              }
            ],
            "can_ip_forward": false,
            "cpu_platform": "Intel Skylake",
            "deletion_protection": false,
            "description": "This is our Virtual Machine",
            "disk": [],
            "enable_display": false,
            "guest_accelerator": [],
            "hostname": "",
            "id": "list-1",
            "instance_id": "3443656921316818314",
            "label_fingerprint": "8ZKEOOQ7eHI=",
            "labels": {
              "machine_type": "n1-standard-1",
              "name": "list-1"
            },
            "machine_type": "n1-standard-1",
            "metadata": {
              "foo": "bar",
              "size": "10"
            },
            "metadata_fingerprint": "kKgJ-snHMZY=",
            "metadata_startup_script": "../scripts.sh",
            "min_cpu_platform": "",
            "name": "list-1",
            "network_interface": [
              {
                "access_config": [],
                "address": "",
                "alias_ip_range": [],
                "name": "nic0",
                "network": "https://www.googleapis.com/compute/v1/projects/terrible-258516/global/networks/default",
                "network_ip": "10.164.0.2",
                "subnetwork": "https://www.googleapis.com/compute/v1/projects/terrible-258516/regions/europe-west4/subnetworks/default",
                "subnetwork_project": "terrible-258516"
              }
            ],
            "project": "terrible-258516",
            "scheduling": [
              {
                "automatic_restart": true,
                "node_affinities": [],
                "on_host_maintenance": "MIGRATE",
                "preemptible": false
              }
            ],
            "scratch_disk": [],
            "self_link": "https://www.googleapis.com/compute/v1/projects/terrible-258516/zones/europe-west4-a/instances/list-1",
            "service_account": [
              {
                "email": "254674802714-compute@developer.gserviceaccount.com",
                "scopes": [
                  "https://www.googleapis.com/auth/compute.readonly",
                  "https://www.googleapis.com/auth/devstorage.read_only",
                  "https://www.googleapis.com/auth/userinfo.email"
                ]
              }
            ],
            "shielded_instance_config": [],
            "tags": [
              "allow-http",
              "allow-https"
            ],
            "tags_fingerprint": "0lKznsNvMu8=",
            "timeouts": null,
            "zone": "europe-west4-a"
          },
          "private": "eyJlMmJmYjczMC1lY2FhLTExZTYtOGY4OC0zNDM2M2JjN2M0YzAiOnsiY3JlYXRlIjoxMjAwMDAwMDAwMDAwLCJkZWxldGUiOjEyMDAwMDAwMDAwMDAsInVwZGF0ZSI6MTIwMDAwMDAwMDAwMH0sInNjaGVtYV92ZXJzaW9uIjoiNiJ9"
        },
        {
          "index_key": 1,
          "schema_version": 6,
          "attributes": {
            "allow_stopping_for_update": null,
            "attached_disk": [],
            "boot_disk": [
              {
                "auto_delete": true,
                "device_name": "persistent-disk-0",
                "disk_encryption_key_raw": "",
                "disk_encryption_key_sha256": "",
                "initialize_params": [
                  {
                    "image": "https://www.googleapis.com/compute/v1/projects/ubuntu-os-cloud/global/images/ubuntu-1604-xenial-v20191024",
                    "labels": {},
                    "size": 10,
                    "type": "pd-standard"
                  }
                ],
                "kms_key_self_link": "",
                "mode": "READ_WRITE",
                "source": "https://www.googleapis.com/compute/v1/projects/terrible-258516/zones/europe-west4-a/disks/list-2"
              }
            ],
            "can_ip_forward": false,
            "cpu_platform": "Intel Skylake",
            "deletion_protection": false,
            "description": "This is our Virtual Machine",
            "disk": [],
            "enable_display": false,
            "guest_accelerator": [],
            "hostname": "",
            "id": "list-2",
            "instance_id": "5959546216674459018",
            "label_fingerprint": "At_vrSemUzs=",
            "labels": {
              "machine_type": "n1-standard-1",
              "name": "list-2"
            },
            "machine_type": "n1-standard-1",
            "metadata": {
              "foo": "bar",
              "size": "10"
            },
            "metadata_fingerprint": "kKgJ-snHMZY=",
            "metadata_startup_script": "../scripts.sh",
            "min_cpu_platform": "",
            "name": "list-2",
            "network_interface": [
              {
                "access_config": [],
                "address": "",
                "alias_ip_range": [],
                "name": "nic0",
                "network": "https://www.googleapis.com/compute/v1/projects/terrible-258516/global/networks/default",
                "network_ip": "10.164.0.3",
                "subnetwork": "https://www.googleapis.com/compute/v1/projects/terrible-258516/regions/europe-west4/subnetworks/default",
                "subnetwork_project": "terrible-258516"
              }
            ],
            "project": "terrible-258516",
            "scheduling": [
              {
                "automatic_restart": true,
                "node_affinities": [],
                "on_host_maintenance": "MIGRATE",
                "preemptible": false
              }
            ],
            "scratch_disk": [],
            "self_link": "https://www.googleapis.com/compute/v1/projects/terrible-258516/zones/europe-west4-a/instances/list-2",
            "service_account": [
              {
                "email": "254674802714-compute@developer.gserviceaccount.com",
                "scopes": [
                  "https://www.googleapis.com/auth/compute.readonly",
                  "https://www.googleapis.com/auth/devstorage.read_only",
                  "https://www.googleapis.com/auth/userinfo.email"
                ]
              }
            ],
            "shielded_instance_config": [],
            "tags": [
              "allow-http",
              "allow-https"
            ],
            "tags_fingerprint": "0lKznsNvMu8=",
            "timeouts": null,
            "zone": "europe-west4-a"
          },
          "private": "eyJlMmJmYjczMC1lY2FhLTExZTYtOGY4OC0zNDM2M2JjN2M0YzAiOnsiY3JlYXRlIjoxMjAwMDAwMDAwMDAwLCJkZWxldGUiOjEyMDAwMDAwMDAwMDAsInVwZGF0ZSI6MTIwMDAwMDAwMDAwMH0sInNjaGVtYV92ZXJzaW9uIjoiNiJ9"
        },
        {
          "index_key": 2,
          "schema_version": 6,
          "attributes": {
            "allow_stopping_for_update": null,
            "attached_disk": [],
            "boot_disk": [
              {
                "auto_delete": true,
                "device_name": "persistent-disk-0",
                "disk_encryption_key_raw": "",
                "disk_encryption_key_sha256": "",
                "initialize_params": [
                  {
                    "image": "https://www.googleapis.com/compute/v1/projects/ubuntu-os-cloud/global/images/ubuntu-1604-xenial-v20191024",
                    "labels": {},
                    "size": 10,
                    "type": "pd-standard"
                  }
                ],
                "kms_key_self_link": "",
                "mode": "READ_WRITE",
                "source": "https://www.googleapis.com/compute/v1/projects/terrible-258516/zones/europe-west4-a/disks/list-3"
              }
            ],
            "can_ip_forward": false,
            "cpu_platform": "Intel Skylake",
            "deletion_protection": false,
            "description": "This is our Virtual Machine",
            "disk": [],
            "enable_display": false,
            "guest_accelerator": [],
            "hostname": "",
            "id": "list-3",
            "instance_id": "6382646142242880906",
            "label_fingerprint": "oOV_hzt8ZYA=",
            "labels": {
              "machine_type": "n1-standard-1",
              "name": "list-3"
            },
            "machine_type": "n1-standard-1",
            "metadata": {
              "foo": "bar",
              "size": "10"
            },
            "metadata_fingerprint": "kKgJ-snHMZY=",
            "metadata_startup_script": "../scripts.sh",
            "min_cpu_platform": "",
            "name": "list-3",
            "network_interface": [
              {
                "access_config": [],
                "address": "",
                "alias_ip_range": [],
                "name": "nic0",
                "network": "https://www.googleapis.com/compute/v1/projects/terrible-258516/global/networks/default",
                "network_ip": "10.164.0.4",
                "subnetwork": "https://www.googleapis.com/compute/v1/projects/terrible-258516/regions/europe-west4/subnetworks/default",
                "subnetwork_project": "terrible-258516"
              }
            ],
            "project": "terrible-258516",
            "scheduling": [
              {
                "automatic_restart": true,
                "node_affinities": [],
                "on_host_maintenance": "MIGRATE",
                "preemptible": false
              }
            ],
            "scratch_disk": [],
            "self_link": "https://www.googleapis.com/compute/v1/projects/terrible-258516/zones/europe-west4-a/instances/list-3",
            "service_account": [
              {
                "email": "254674802714-compute@developer.gserviceaccount.com",
                "scopes": [
                  "https://www.googleapis.com/auth/compute.readonly",
                  "https://www.googleapis.com/auth/devstorage.read_only",
                  "https://www.googleapis.com/auth/userinfo.email"
                ]
              }
            ],
            "shielded_instance_config": [],
            "tags": [
              "allow-http",
              "allow-https"
            ],
            "tags_fingerprint": "0lKznsNvMu8=",
            "timeouts": null,
            "zone": "europe-west4-a"
          },
          "private": "eyJlMmJmYjczMC1lY2FhLTExZTYtOGY4OC0zNDM2M2JjN2M0YzAiOnsiY3JlYXRlIjoxMjAwMDAwMDAwMDAwLCJkZWxldGUiOjEyMDAwMDAwMDAwMDAsInVwZGF0ZSI6MTIwMDAwMDAwMDAwMH0sInNjaGVtYV92ZXJzaW9uIjoiNiJ9"
        }
      ]
    }
  ]
}
